# This is a Gradle generated file for dependency locking.
# Manual edits can break the build and are not advised.
# This file is expected to be part of source control.
androidx.activity:activity-ktx:1.11.0=debugRuntimeClasspath,releaseRuntimeClasspath
androidx.activity:activity:1.11.0=debugCompileClasspath,debugRuntimeClasspath,releaseCompileClasspath,releaseRuntimeClasspath
androidx.annotation:annotation-experimental:1.4.1=debugCompileClasspath,debugRuntimeClasspath,releaseCompileClasspath,releaseRuntimeClasspath
androidx.annotation:annotation-jvm:1.9.1=debugCompileClasspath,debugRuntimeClasspath,releaseCompileClasspath,releaseRuntimeClasspath
androidx.annotation:annotation:1.9.1=debugCompileClasspath,debugRuntimeClasspath,releaseCompileClasspath,releaseRuntimeClasspath
androidx.appcompat:appcompat-resources:1.2.0=debugRuntimeClasspath,releaseRuntimeClasspath
androidx.appcompat:appcompat:1.2.0=debugRuntimeClasspath,releaseRuntimeClasspath
androidx.arch.core:core-common:2.2.0=debugCompileClasspath,debugRuntimeClasspath,releaseCompileClasspath,releaseRuntimeClasspath
androidx.arch.core:core-runtime:2.2.0=debugRuntimeClasspath,releaseRuntimeClasspath
androidx.asynclayoutinflater:asynclayoutinflater:1.0.0=debugRuntimeClasspath,releaseRuntimeClasspath
androidx.biometric:biometric:1.1.0=debugRuntimeClasspath,releaseRuntimeClasspath
androidx.browser:browser:1.9.0=debugRuntimeClasspath,releaseRuntimeClasspath
androidx.collection:collection-jvm:1.4.2=debugCompileClasspath,debugRuntimeClasspath,releaseCompileClasspath,releaseRuntimeClasspath
androidx.collection:collection-ktx:1.4.2=debugRuntimeClasspath,releaseRuntimeClasspath
androidx.collection:collection:1.4.2=debugCompileClasspath,debugRuntimeClasspath,releaseCompileClasspath,releaseRuntimeClasspath
androidx.concurrent:concurrent-futures:1.1.0=debugRuntimeClasspath,releaseRuntimeClasspath
androidx.coordinatorlayout:coordinatorlayout:1.0.0=debugRuntimeClasspath,releaseRuntimeClasspath
androidx.core:core-ktx:1.17.0=debugCompileClasspath,debugRuntimeClasspath,releaseCompileClasspath,releaseRuntimeClasspath
androidx.core:core-viewtree:1.0.0=debugCompileClasspath,debugRuntimeClasspath,releaseCompileClasspath,releaseRuntimeClasspath
androidx.core:core:1.17.0=debugCompileClasspath,debugRuntimeClasspath,releaseCompileClasspath,releaseRuntimeClasspath
androidx.credentials:credentials-play-services-auth:1.6.0=debugRuntimeClasspath,releaseRuntimeClasspath
androidx.credentials:credentials:1.6.0=debugRuntimeClasspath,releaseRuntimeClasspath
androidx.cursoradapter:cursoradapter:1.0.0=debugRuntimeClasspath,releaseRuntimeClasspath
androidx.customview:customview:1.1.0=debugCompileClasspath,debugRuntimeClasspath,releaseCompileClasspath,releaseRuntimeClasspath
androidx.datastore:datastore-android:1.1.7=debugRuntimeClasspath,releaseRuntimeClasspath
androidx.datastore:datastore-core-android:1.1.7=debugRuntimeClasspath,releaseRuntimeClasspath
androidx.datastore:datastore-core-okio-jvm:1.1.7=debugRuntimeClasspath,releaseRuntimeClasspath
androidx.datastore:datastore-core-okio:1.1.7=debugRuntimeClasspath,releaseRuntimeClasspath
androidx.datastore:datastore-core:1.1.7=debugRuntimeClasspath,releaseRuntimeClasspath
androidx.datastore:datastore-preferences-android:1.1.7=debugRuntimeClasspath,releaseRuntimeClasspath
androidx.datastore:datastore-preferences-core-android:1.1.7=debugRuntimeClasspath,releaseRuntimeClasspath
androidx.datastore:datastore-preferences-core:1.1.7=debugRuntimeClasspath,releaseRuntimeClasspath
androidx.datastore:datastore-preferences-external-protobuf:1.1.7=debugRuntimeClasspath,releaseRuntimeClasspath
androidx.datastore:datastore-preferences-proto:1.1.7=debugRuntimeClasspath,releaseRuntimeClasspath
androidx.datastore:datastore-preferences:1.1.7=debugRuntimeClasspath,releaseRuntimeClasspath
androidx.datastore:datastore:1.1.7=debugRuntimeClasspath,releaseRuntimeClasspath
androidx.documentfile:documentfile:1.0.0=debugRuntimeClasspath,releaseRuntimeClasspath
androidx.drawerlayout:drawerlayout:1.0.0=debugRuntimeClasspath,releaseRuntimeClasspath
androidx.exifinterface:exifinterface:1.4.1=debugCompileClasspath,debugRuntimeClasspath,releaseCompileClasspath,releaseRuntimeClasspath
androidx.fragment:fragment-ktx:1.7.1=debugRuntimeClasspath,releaseRuntimeClasspath
androidx.fragment:fragment:1.7.1=debugCompileClasspath,debugRuntimeClasspath,releaseCompileClasspath,releaseRuntimeClasspath
androidx.interpolator:interpolator:1.0.0=debugRuntimeClasspath,releaseRuntimeClasspath
androidx.legacy:legacy-support-core-ui:1.0.0=debugRuntimeClasspath,releaseRuntimeClasspath
androidx.legacy:legacy-support-core-utils:1.0.0=debugRuntimeClasspath,releaseRuntimeClasspath
androidx.lifecycle:lifecycle-common-java8:2.7.0=debugCompileClasspath,debugRuntimeClasspath,releaseCompileClasspath,releaseRuntimeClasspath
androidx.lifecycle:lifecycle-common:2.7.0=debugCompileClasspath,debugRuntimeClasspath,releaseCompileClasspath,releaseRuntimeClasspath
androidx.lifecycle:lifecycle-livedata-core-ktx:2.7.0=debugRuntimeClasspath,releaseRuntimeClasspath
androidx.lifecycle:lifecycle-livedata-core:2.7.0=debugCompileClasspath,debugRuntimeClasspath,releaseCompileClasspath,releaseRuntimeClasspath
androidx.lifecycle:lifecycle-process:2.7.0=debugCompileClasspath,debugRuntimeClasspath,releaseCompileClasspath,releaseRuntimeClasspath
androidx.lifecycle:lifecycle-runtime-ktx:2.7.0=debugRuntimeClasspath,releaseRuntimeClasspath
androidx.lifecycle:lifecycle-runtime:2.7.0=debugCompileClasspath,debugRuntimeClasspath,releaseCompileClasspath,releaseRuntimeClasspath
androidx.lifecycle:lifecycle-viewmodel-ktx:2.7.0=debugRuntimeClasspath,releaseRuntimeClasspath
androidx.lifecycle:lifecycle-viewmodel-savedstate:2.7.0=debugCompileClasspath,debugRuntimeClasspath,releaseCompileClasspath,releaseRuntimeClasspath
androidx.lifecycle:lifecycle-viewmodel:2.7.0=debugCompileClasspath,debugRuntimeClasspath,releaseCompileClasspath,releaseRuntimeClasspath
androidx.loader:loader:1.1.0=debugCompileClasspath,debugRuntimeClasspath,releaseCompileClasspath,releaseRuntimeClasspath
androidx.localbroadcastmanager:localbroadcastmanager:1.1.0=debugRuntimeClasspath,releaseRuntimeClasspath
androidx.preference:preference:1.2.1=debugRuntimeClasspath,releaseRuntimeClasspath
androidx.print:print:1.0.0=debugRuntimeClasspath,releaseRuntimeClasspath
androidx.privacysandbox.ads:ads-adservices-java:1.1.0-beta11=debugRuntimeClasspath,releaseRuntimeClasspath
androidx.privacysandbox.ads:ads-adservices:1.1.0-beta11=debugRuntimeClasspath,releaseRuntimeClasspath
androidx.profileinstaller:profileinstaller:1.4.0=debugRuntimeClasspath,releaseRuntimeClasspath
androidx.recyclerview:recyclerview:1.0.0=debugRuntimeClasspath,releaseRuntimeClasspath
androidx.savedstate:savedstate-ktx:1.2.1=debugRuntimeClasspath,releaseRuntimeClasspath
androidx.savedstate:savedstate:1.2.1=debugCompileClasspath,debugRuntimeClasspath,releaseCompileClasspath,releaseRuntimeClasspath
androidx.slidingpanelayout:slidingpanelayout:1.2.0=debugRuntimeClasspath,releaseRuntimeClasspath
androidx.startup:startup-runtime:1.1.1=debugCompileClasspath,debugRuntimeClasspath,releaseCompileClasspath,releaseRuntimeClasspath
androidx.swiperefreshlayout:swiperefreshlayout:1.0.0=debugRuntimeClasspath,releaseRuntimeClasspath
androidx.tracing:tracing:1.2.0=debugCompileClasspath,debugRuntimeClasspath,releaseCompileClasspath,releaseRuntimeClasspath
androidx.transition:transition:1.4.1=debugRuntimeClasspath,releaseRuntimeClasspath
androidx.vectordrawable:vectordrawable-animated:1.1.0=debugRuntimeClasspath,releaseRuntimeClasspath
androidx.vectordrawable:vectordrawable:1.1.0=debugRuntimeClasspath,releaseRuntimeClasspath
androidx.versionedparcelable:versionedparcelable:1.1.1=debugCompileClasspath,debugRuntimeClasspath,releaseCompileClasspath,releaseRuntimeClasspath
androidx.viewpager:viewpager:1.0.0=debugCompileClasspath,debugRuntimeClasspath,releaseCompileClasspath,releaseRuntimeClasspath
androidx.webkit:webkit:1.14.0=debugRuntimeClasspath,releaseRuntimeClasspath
androidx.window.extensions.core:core:1.0.0=debugRuntimeClasspath,releaseRuntimeClasspath
androidx.window:window-java:1.2.0=debugCompileClasspath,debugRuntimeClasspath,releaseCompileClasspath,releaseRuntimeClasspath
androidx.window:window:1.2.0=debugCompileClasspath,debugRuntimeClasspath,releaseCompileClasspath,releaseRuntimeClasspath
com.getkeepsafe.relinker:relinker:1.4.5=debugCompileClasspath,debugRuntimeClasspath,releaseCompileClasspath,releaseRuntimeClasspath
com.google.android.datatransport:transport-api:3.1.0=debugRuntimeClasspath,releaseRuntimeClasspath
com.google.android.datatransport:transport-backend-cct:3.1.9=debugRuntimeClasspath,releaseRuntimeClasspath
com.google.android.datatransport:transport-runtime:3.1.9=debugRuntimeClasspath,releaseRuntimeClasspath
com.google.android.gms:play-services-ads-identifier:18.0.0=debugRuntimeClasspath,releaseRuntimeClasspath
com.google.android.gms:play-services-auth-api-phone:18.0.2=debugRuntimeClasspath,releaseRuntimeClasspath
com.google.android.gms:play-services-auth-base:18.0.10=debugRuntimeClasspath,releaseRuntimeClasspath
com.google.android.gms:play-services-auth-blockstore:16.4.0=debugRuntimeClasspath,releaseRuntimeClasspath
com.google.android.gms:play-services-auth:21.5.1=debugRuntimeClasspath,releaseRuntimeClasspath
com.google.android.gms:play-services-base:18.5.0=debugRuntimeClasspath,releaseRuntimeClasspath
com.google.android.gms:play-services-basement:18.9.0=debugRuntimeClasspath,releaseRuntimeClasspath
com.google.android.gms:play-services-cloud-messaging:17.2.0=debugRuntimeClasspath,releaseRuntimeClasspath
com.google.android.gms:play-services-fido:21.0.0=debugRuntimeClasspath,releaseRuntimeClasspath
com.google.android.gms:play-services-identity-credentials:16.0.0-alpha08=debugRuntimeClasspath,releaseRuntimeClasspath
com.google.android.gms:play-services-location:21.2.0=debugRuntimeClasspath,releaseRuntimeClasspath
com.google.android.gms:play-services-maps:19.2.0=debugRuntimeClasspath,releaseRuntimeClasspath
com.google.android.gms:play-services-measurement-api:23.0.0=debugRuntimeClasspath,releaseRuntimeClasspath
com.google.android.gms:play-services-measurement-base:23.0.0=debugRuntimeClasspath,releaseRuntimeClasspath
com.google.android.gms:play-services-measurement-impl:23.0.0=debugRuntimeClasspath,releaseRuntimeClasspath
com.google.android.gms:play-services-measurement-sdk-api:23.0.0=debugRuntimeClasspath,releaseRuntimeClasspath
com.google.android.gms:play-services-measurement-sdk:23.0.0=debugRuntimeClasspath,releaseRuntimeClasspath
com.google.android.gms:play-services-measurement:23.0.0=debugRuntimeClasspath,releaseRuntimeClasspath
com.google.android.gms:play-services-stats:17.0.2=debugRuntimeClasspath,releaseRuntimeClasspath
com.google.android.gms:play-services-tasks:18.2.0=debugRuntimeClasspath,releaseRuntimeClasspath
com.google.android.libraries.identity.googleid:googleid:1.2.0=debugRuntimeClasspath,releaseRuntimeClasspath
com.google.android.play:core-common:2.0.3=debugRuntimeClasspath,releaseRuntimeClasspath
com.google.android.play:integrity:1.3.0=debugRuntimeClasspath,releaseRuntimeClasspath
com.google.android.recaptcha:recaptcha:18.6.1=debugRuntimeClasspath,releaseRuntimeClasspath
com.google.android:annotations:4.1.1.4=debugRuntimeClasspath,releaseRuntimeClasspath
com.google.code.findbugs:jsr305:3.0.2=debugRuntimeClasspath,releaseRuntimeClasspath
com.google.code.gson:gson:2.10.1=debugRuntimeClasspath,releaseRuntimeClasspath
com.google.errorprone:error_prone_annotations:2.26.0=debugRuntimeClasspath,releaseRuntimeClasspath
com.google.firebase:firebase-analytics:23.0.0=debugRuntimeClasspath,releaseRuntimeClasspath
com.google.firebase:firebase-annotations:17.0.0=debugRuntimeClasspath,releaseRuntimeClasspath
com.google.firebase:firebase-appcheck-interop:17.1.0=debugRuntimeClasspath,releaseRuntimeClasspath
com.google.firebase:firebase-appcheck:19.0.1=debugRuntimeClasspath,releaseRuntimeClasspath
com.google.firebase:firebase-auth-interop:20.0.0=debugRuntimeClasspath,releaseRuntimeClasspath
com.google.firebase:firebase-auth:24.0.1=debugRuntimeClasspath,releaseRuntimeClasspath
com.google.firebase:firebase-bom:34.4.0=debugRuntimeClasspath,releaseRuntimeClasspath
com.google.firebase:firebase-common:22.0.1=debugRuntimeClasspath,releaseRuntimeClasspath
com.google.firebase:firebase-components:19.0.0=debugRuntimeClasspath,releaseRuntimeClasspath
com.google.firebase:firebase-database-collection:18.0.1=debugRuntimeClasspath,releaseRuntimeClasspath
com.google.firebase:firebase-datatransport:18.2.0=debugRuntimeClasspath,releaseRuntimeClasspath
com.google.firebase:firebase-encoders-json:18.0.0=debugRuntimeClasspath,releaseRuntimeClasspath
com.google.firebase:firebase-encoders-proto:16.0.0=debugRuntimeClasspath,releaseRuntimeClasspath
com.google.firebase:firebase-encoders:17.0.0=debugRuntimeClasspath,releaseRuntimeClasspath
com.google.firebase:firebase-firestore:26.0.2=debugRuntimeClasspath,releaseRuntimeClasspath
com.google.firebase:firebase-functions:22.0.1=debugRuntimeClasspath,releaseRuntimeClasspath
com.google.firebase:firebase-iid-interop:17.1.0=debugRuntimeClasspath,releaseRuntimeClasspath
com.google.firebase:firebase-iid:21.1.0=debugRuntimeClasspath,releaseRuntimeClasspath
com.google.firebase:firebase-installations-interop:17.1.1=debugRuntimeClasspath,releaseRuntimeClasspath
com.google.firebase:firebase-installations:19.0.1=debugRuntimeClasspath,releaseRuntimeClasspath
com.google.firebase:firebase-measurement-connector:19.0.0=debugRuntimeClasspath,releaseRuntimeClasspath
com.google.firebase:firebase-messaging:25.0.1=debugRuntimeClasspath,releaseRuntimeClasspath
com.google.firebase:firebase-storage:22.0.1=debugRuntimeClasspath,releaseRuntimeClasspath
com.google.firebase:protolite-well-known-types:18.0.1=debugRuntimeClasspath,releaseRuntimeClasspath
com.google.guava:failureaccess:1.0.1=debugRuntimeClasspath,releaseRuntimeClasspath
com.google.guava:guava:32.1.3-android=debugRuntimeClasspath,releaseRuntimeClasspath
com.google.guava:listenablefuture:9999.0-empty-to-avoid-conflict-with-guava=debugCompileClasspath,debugRuntimeClasspath,releaseCompileClasspath,releaseRuntimeClasspath
com.google.maps.android:android-maps-utils:3.6.0=debugRuntimeClasspath,releaseRuntimeClasspath
com.google.protobuf:protobuf-javalite:3.25.5=debugRuntimeClasspath,releaseRuntimeClasspath
com.squareup.okhttp3:okhttp:3.12.13=debugRuntimeClasspath,releaseRuntimeClasspath
com.squareup.okio:okio-jvm:3.4.0=debugRuntimeClasspath,releaseRuntimeClasspath
com.squareup.okio:okio:3.4.0=debugRuntimeClasspath,releaseRuntimeClasspath
io.flutter:arm64_v8a_debug:1.0.0-06a2e2a110089dff50fe635cffd2a61e1b24fbcd=debugCompileClasspath,debugRuntimeClasspath
io.flutter:arm64_v8a_release:1.0.0-06a2e2a110089dff50fe635cffd2a61e1b24fbcd=releaseCompileClasspath,releaseRuntimeClasspath
io.flutter:armeabi_v7a_debug:1.0.0-06a2e2a110089dff50fe635cffd2a61e1b24fbcd=debugCompileClasspath,debugRuntimeClasspath
io.flutter:armeabi_v7a_release:1.0.0-06a2e2a110089dff50fe635cffd2a61e1b24fbcd=releaseCompileClasspath,releaseRuntimeClasspath
io.flutter:flutter_embedding_debug:1.0.0-06a2e2a110089dff50fe635cffd2a61e1b24fbcd=debugCompileClasspath,debugRuntimeClasspath
io.flutter:flutter_embedding_release:1.0.0-06a2e2a110089dff50fe635cffd2a61e1b24fbcd=releaseCompileClasspath,releaseRuntimeClasspath
io.flutter:x86_64_debug:1.0.0-06a2e2a110089dff50fe635cffd2a61e1b24fbcd=debugCompileClasspath,debugRuntimeClasspath
io.flutter:x86_64_release:1.0.0-06a2e2a110089dff50fe635cffd2a61e1b24fbcd=releaseCompileClasspath,releaseRuntimeClasspath
io.grpc:grpc-android:1.62.2=debugRuntimeClasspath,releaseRuntimeClasspath
io.grpc:grpc-api:1.62.2=debugRuntimeClasspath,releaseRuntimeClasspath
io.grpc:grpc-context:1.62.2=debugRuntimeClasspath,releaseRuntimeClasspath
io.grpc:grpc-core:1.62.2=debugRuntimeClasspath,releaseRuntimeClasspath
io.grpc:grpc-okhttp:1.62.2=debugRuntimeClasspath,releaseRuntimeClasspath
io.grpc:grpc-protobuf-lite:1.62.2=debugRuntimeClasspath,releaseRuntimeClasspath
io.grpc:grpc-stub:1.62.2=debugRuntimeClasspath,releaseRuntimeClasspath
io.grpc:grpc-util:1.62.2=debugRuntimeClasspath,releaseRuntimeClasspath
io.perfmark:perfmark-api:0.26.0=debugRuntimeClasspath,releaseRuntimeClasspath
javax.inject:javax.inject:1=debugRuntimeClasspath,releaseRuntimeClasspath
org.checkerframework:checker-qual:3.37.0=debugRuntimeClasspath,releaseRuntimeClasspath
org.codehaus.mojo:animal-sniffer-annotations:1.23=debugRuntimeClasspath,releaseRuntimeClasspath
org.jetbrains.kotlin:kotlin-android-extensions-runtime:1.9.22=debugRuntimeClasspath,releaseRuntimeClasspath
org.jetbrains.kotlin:kotlin-build-tools-api:2.2.20=kotlinBuildToolsApiClasspath
org.jetbrains.kotlin:kotlin-build-tools-impl:2.2.20=kotlinBuildToolsApiClasspath
org.jetbrains.kotlin:kotlin-compiler-embeddable:2.2.20=kotlinBuildToolsApiClasspath,kotlinCompilerClasspath
org.jetbrains.kotlin:kotlin-compiler-runner:2.2.20=kotlinBuildToolsApiClasspath
org.jetbrains.kotlin:kotlin-daemon-client:2.2.20=kotlinBuildToolsApiClasspath
org.jetbrains.kotlin:kotlin-daemon-embeddable:2.2.20=kotlinBuildToolsApiClasspath,kotlinCompilerClasspath
org.jetbrains.kotlin:kotlin-parcelize-runtime:1.9.22=debugRuntimeClasspath,releaseRuntimeClasspath
org.jetbrains.kotlin:kotlin-reflect:1.6.10=kotlinBuildToolsApiClasspath,kotlinCompilerClasspath
org.jetbrains.kotlin:kotlin-script-runtime:2.2.20=kotlinBuildToolsApiClasspath,kotlinCompilerClasspath
org.jetbrains.kotlin:kotlin-scripting-common:2.2.20=kotlinBuildToolsApiClasspath
org.jetbrains.kotlin:kotlin-scripting-compiler-embeddable:2.2.20=kotlinBuildToolsApiClasspath
org.jetbrains.kotlin:kotlin-scripting-compiler-impl-embeddable:2.2.20=kotlinBuildToolsApiClasspath
org.jetbrains.kotlin:kotlin-scripting-jvm:2.2.20=kotlinBuildToolsApiClasspath
org.jetbrains.kotlin:kotlin-stdlib-common:2.2.20=debugRuntimeClasspath,releaseRuntimeClasspath
org.jetbrains.kotlin:kotlin-stdlib-jdk7:1.9.0=debugRuntimeClasspath,releaseRuntimeClasspath
org.jetbrains.kotlin:kotlin-stdlib-jdk8:1.8.0=debugRuntimeClasspath,releaseRuntimeClasspath
org.jetbrains.kotlin:kotlin-stdlib:2.2.20=debugCompileClasspath,debugRuntimeClasspath,kotlinBuildToolsApiClasspath,kotlinCompilerClasspath,releaseCompileClasspath,releaseRuntimeClasspath
org.jetbrains.kotlinx:kotlinx-coroutines-android:1.11.0=debugCompileClasspath,debugRuntimeClasspath,releaseCompileClasspath,releaseRuntimeClasspath
org.jetbrains.kotlinx:kotlinx-coroutines-bom:1.11.0=debugCompileClasspath,debugRuntimeClasspath,releaseCompileClasspath,releaseRuntimeClasspath
org.jetbrains.kotlinx:kotlinx-coroutines-core-jvm:1.11.0=debugCompileClasspath,debugRuntimeClasspath,releaseCompileClasspath,releaseRuntimeClasspath
org.jetbrains.kotlinx:kotlinx-coroutines-core-jvm:1.8.0=kotlinBuildToolsApiClasspath,kotlinCompilerClasspath
org.jetbrains.kotlinx:kotlinx-coroutines-core:1.11.0=debugCompileClasspath,debugRuntimeClasspath,releaseCompileClasspath,releaseRuntimeClasspath
org.jetbrains.kotlinx:kotlinx-coroutines-play-services:1.11.0=debugRuntimeClasspath,releaseRuntimeClasspath
org.jetbrains:annotations:13.0=kotlinBuildToolsApiClasspath,kotlinCompilerClasspath
org.jetbrains:annotations:23.0.0=debugCompileClasspath,debugRuntimeClasspath,releaseCompileClasspath,releaseRuntimeClasspath
org.jspecify:jspecify:1.0.0=debugCompileClasspath,debugRuntimeClasspath,releaseCompileClasspath,releaseRuntimeClasspath
org.reactivestreams:reactive-streams:1.0.4=debugRuntimeClasspath,releaseRuntimeClasspath
empty=androidApis,androidJdkImage,debugAnnotationProcessorClasspath,debugReverseMetadataValues,kotlinCompilerPluginClasspathDebug,kotlinCompilerPluginClasspathRelease,lintChecks,releaseAnnotationProcessorClasspath,releaseReverseMetadataValues
